
Microsoft Visual Studio Solution File, Format Version 12.00
# Visual Studio 15
VisualStudioVersion = 15.0.27130.2024
MinimumVisualStudioVersion = 10.0.40219.1
Project("{FAE04EC0-301F-11D3-BF4B-00C04F79EFBC}") = "Arcus.EventGrid", "Arcus.EventGrid\Arcus.EventGrid.csproj", "{D934DF77-120F-4B90-A036-8A74E3A50B41}"
EndProject
Project("{FAE04EC0-301F-11D3-BF4B-00C04F79EFBC}") = "Arcus.EventGrid.Storage", "Arcus.EventGrid.Storage\Arcus.EventGrid.Storage.csproj", "{0CCD6A95-BD7F-4107-A2E0-CB468133ABEE}"
EndProject
Project("{FAE04EC0-301F-11D3-BF4B-00C04F79EFBC}") = "Arcus.EventGrid.EventHubs", "Arcus.EventGrid.EventHubs\Arcus.EventGrid.EventHubs.csproj", "{82D9E043-B205-4EF7-B45D-621097635CCC}"
EndProject
Project("{FAE04EC0-301F-11D3-BF4B-00C04F79EFBC}") = "Arcus.EventGrid.IoTHub", "Arcus.EventGrid.IoTHub\Arcus.EventGrid.IoTHub.csproj", "{F3C84B00-B7ED-4984-B3C6-99AABF10F6DF}"
EndProject
Project("{FAE04EC0-301F-11D3-BF4B-00C04F79EFBC}") = "Arcus.EventGrid.Azure", "Arcus.EventGrid.Azure\Arcus.EventGrid.Azure.csproj", "{0F7EF557-A39E-4B89-9177-9BB91B867659}"
EndProject
Global
	GlobalSection(SolutionConfigurationPlatforms) = preSolution
		Debug|Any CPU = Debug|Any CPU
		Release|Any CPU = Release|Any CPU
	EndGlobalSection
	GlobalSection(ProjectConfigurationPlatforms) = postSolution
		{D934DF77-120F-4B90-A036-8A74E3A50B41}.Debug|Any CPU.ActiveCfg = Debug|Any CPU
		{D934DF77-120F-4B90-A036-8A74E3A50B41}.Debug|Any CPU.Build.0 = Debug|Any CPU
		{D934DF77-120F-4B90-A036-8A74E3A50B41}.Release|Any CPU.ActiveCfg = Release|Any CPU
		{D934DF77-120F-4B90-A036-8A74E3A50B41}.Release|Any CPU.Build.0 = Release|Any CPU
		{0CCD6A95-BD7F-4107-A2E0-CB468133ABEE}.Debug|Any CPU.ActiveCfg = Debug|Any CPU
		{0CCD6A95-BD7F-4107-A2E0-CB468133ABEE}.Debug|Any CPU.Build.0 = Debug|Any CPU
		{0CCD6A95-BD7F-4107-A2E0-CB468133ABEE}.Release|Any CPU.ActiveCfg = Release|Any CPU
		{0CCD6A95-BD7F-4107-A2E0-CB468133ABEE}.Release|Any CPU.Build.0 = Release|Any CPU
		{82D9E043-B205-4EF7-B45D-621097635CCC}.Debug|Any CPU.ActiveCfg = Debug|Any CPU
		{82D9E043-B205-4EF7-B45D-621097635CCC}.Debug|Any CPU.Build.0 = Debug|Any CPU
		{82D9E043-B205-4EF7-B45D-621097635CCC}.Release|Any CPU.ActiveCfg = Release|Any CPU
		{82D9E043-B205-4EF7-B45D-621097635CCC}.Release|Any CPU.Build.0 = Release|Any CPU
		{F3C84B00-B7ED-4984-B3C6-99AABF10F6DF}.Debug|Any CPU.ActiveCfg = Debug|Any CPU
		{F3C84B00-B7ED-4984-B3C6-99AABF10F6DF}.Debug|Any CPU.Build.0 = Debug|Any CPU
		{F3C84B00-B7ED-4984-B3C6-99AABF10F6DF}.Release|Any CPU.ActiveCfg = Release|Any CPU
		{F3C84B00-B7ED-4984-B3C6-99AABF10F6DF}.Release|Any CPU.Build.0 = Release|Any CPU
		{0F7EF557-A39E-4B89-9177-9BB91B867659}.Debug|Any CPU.ActiveCfg = Debug|Any CPU
		{0F7EF557-A39E-4B89-9177-9BB91B867659}.Debug|Any CPU.Build.0 = Debug|Any CPU
		{0F7EF557-A39E-4B89-9177-9BB91B867659}.Release|Any CPU.ActiveCfg = Release|Any CPU
		{0F7EF557-A39E-4B89-9177-9BB91B867659}.Release|Any CPU.Build.0 = Release|Any CPU
	EndGlobalSection
	GlobalSection(SolutionProperties) = preSolution
		HideSolutionNode = FALSE
	EndGlobalSection
	GlobalSection(ExtensibilityGlobals) = postSolution
		SolutionGuid = {77183A37-CB69-413E-A7EE-1DDFDCD078AD}
	EndGlobalSection
EndGlobal
