
Microsoft Visual Studio Solution File, Format Version 12.00
# Visual Studio Version 16
VisualStudioVersion = 16.0.29230.47
MinimumVisualStudioVersion = 10.0.40219.1
Project("{9A19103F-16F7-4668-BE54-9A1E7A4F7556}") = "Arcus.EventGrid", "Arcus.EventGrid\Arcus.EventGrid.csproj", "{D934DF77-120F-4B90-A036-8A74E3A50B41}"
EndProject
Project("{9A19103F-16F7-4668-BE54-9A1E7A4F7556}") = "Arcus.EventGrid.Publishing", "Arcus.EventGrid.Publishing\Arcus.EventGrid.Publishing.csproj", "{55FE7CF6-8831-48EA-A53F-4C25E845B9F2}"
EndProject
Project("{2150E333-8FDC-42A3-9474-1A3956D46DE8}") = "Tests", "Tests", "{9A28129D-EE46-43AB-BA44-E1F546F3B3DA}"
EndProject
Project("{9A19103F-16F7-4668-BE54-9A1E7A4F7556}") = "Arcus.EventGrid.Security", "Arcus.EventGrid.Security\Arcus.EventGrid.Security.csproj", "{A6C908D6-CEF3-4156-9BA0-5A4996CF4559}"
EndProject
Project("{9A19103F-16F7-4668-BE54-9A1E7A4F7556}") = "Arcus.EventGrid.Tests.InMemoryApi", "Arcus.EventGrid.Tests.InMemoryApi\Arcus.EventGrid.Tests.InMemoryApi.csproj", "{75DA4772-1E5E-4128-8F07-9D117B102313}"
EndProject
Project("{9A19103F-16F7-4668-BE54-9A1E7A4F7556}") = "Arcus.EventGrid.All", "Arcus.EventGrid.All\Arcus.EventGrid.All.csproj", "{AE321ACE-D9C5-468F-8F69-B36394FBEAA3}"
EndProject
Project("{9A19103F-16F7-4668-BE54-9A1E7A4F7556}") = "Arcus.EventGrid.Tests.Integration", "Arcus.EventGrid.Tests.Integration\Arcus.EventGrid.Tests.Integration.csproj", "{2D4D4863-F92A-4639-91AE-9EC5FC43F8A1}"
EndProject
Project("{9A19103F-16F7-4668-BE54-9A1E7A4F7556}") = "Arcus.EventGrid.Tests.Core", "Arcus.EventGrid.Tests.Core\Arcus.EventGrid.Tests.Core.csproj", "{5303F5CA-5F12-4605-BF0E-02182C41CEB3}"
EndProject
Project("{9A19103F-16F7-4668-BE54-9A1E7A4F7556}") = "Arcus.EventGrid.Tests.Unit", "Arcus.EventGrid.Tests.Unit\Arcus.EventGrid.Tests.Unit.csproj", "{362EF67C-4C16-4F56-ADAF-25345BA71692}"
EndProject
Project("{9A19103F-16F7-4668-BE54-9A1E7A4F7556}") = "Arcus.EventGrid.Testing", "Arcus.EventGrid.Testing\Arcus.EventGrid.Testing.csproj", "{12FED22F-E44B-40C0-B268-DE4E0BA8BEDB}"
EndProject
Project("{FAE04EC0-301F-11D3-BF4B-00C04F79EFBC}") = "Arcus.EventGrid.WebApi.Security", "Arcus.EventGrid.WebApi.Security\Arcus.EventGrid.WebApi.Security.csproj", "{287CD569-CE05-45CE-B6BD-90A299A5AA08}"
EndProject
Global
	GlobalSection(SolutionConfigurationPlatforms) = preSolution
		Debug|Any CPU = Debug|Any CPU
		Release|Any CPU = Release|Any CPU
	EndGlobalSection
	GlobalSection(ProjectConfigurationPlatforms) = postSolution
		{D934DF77-120F-4B90-A036-8A74E3A50B41}.Debug|Any CPU.ActiveCfg = Debug|Any CPU
		{D934DF77-120F-4B90-A036-8A74E3A50B41}.Debug|Any CPU.Build.0 = Debug|Any CPU
		{D934DF77-120F-4B90-A036-8A74E3A50B41}.Release|Any CPU.ActiveCfg = Release|Any CPU
		{D934DF77-120F-4B90-A036-8A74E3A50B41}.Release|Any CPU.Build.0 = Release|Any CPU
		{55FE7CF6-8831-48EA-A53F-4C25E845B9F2}.Debug|Any CPU.ActiveCfg = Debug|Any CPU
		{55FE7CF6-8831-48EA-A53F-4C25E845B9F2}.Debug|Any CPU.Build.0 = Debug|Any CPU
		{55FE7CF6-8831-48EA-A53F-4C25E845B9F2}.Release|Any CPU.ActiveCfg = Release|Any CPU
		{55FE7CF6-8831-48EA-A53F-4C25E845B9F2}.Release|Any CPU.Build.0 = Release|Any CPU
		{A6C908D6-CEF3-4156-9BA0-5A4996CF4559}.Debug|Any CPU.ActiveCfg = Debug|Any CPU
		{A6C908D6-CEF3-4156-9BA0-5A4996CF4559}.Debug|Any CPU.Build.0 = Debug|Any CPU
		{A6C908D6-CEF3-4156-9BA0-5A4996CF4559}.Release|Any CPU.ActiveCfg = Release|Any CPU
		{A6C908D6-CEF3-4156-9BA0-5A4996CF4559}.Release|Any CPU.Build.0 = Release|Any CPU
		{75DA4772-1E5E-4128-8F07-9D117B102313}.Debug|Any CPU.ActiveCfg = Debug|Any CPU
		{75DA4772-1E5E-4128-8F07-9D117B102313}.Debug|Any CPU.Build.0 = Debug|Any CPU
		{75DA4772-1E5E-4128-8F07-9D117B102313}.Release|Any CPU.ActiveCfg = Release|Any CPU
		{75DA4772-1E5E-4128-8F07-9D117B102313}.Release|Any CPU.Build.0 = Release|Any CPU
		{AE321ACE-D9C5-468F-8F69-B36394FBEAA3}.Debug|Any CPU.ActiveCfg = Debug|Any CPU
		{AE321ACE-D9C5-468F-8F69-B36394FBEAA3}.Debug|Any CPU.Build.0 = Debug|Any CPU
		{AE321ACE-D9C5-468F-8F69-B36394FBEAA3}.Release|Any CPU.ActiveCfg = Release|Any CPU
		{AE321ACE-D9C5-468F-8F69-B36394FBEAA3}.Release|Any CPU.Build.0 = Release|Any CPU
		{2D4D4863-F92A-4639-91AE-9EC5FC43F8A1}.Debug|Any CPU.ActiveCfg = Debug|Any CPU
		{2D4D4863-F92A-4639-91AE-9EC5FC43F8A1}.Debug|Any CPU.Build.0 = Debug|Any CPU
		{2D4D4863-F92A-4639-91AE-9EC5FC43F8A1}.Release|Any CPU.ActiveCfg = Release|Any CPU
		{2D4D4863-F92A-4639-91AE-9EC5FC43F8A1}.Release|Any CPU.Build.0 = Release|Any CPU
		{5303F5CA-5F12-4605-BF0E-02182C41CEB3}.Debug|Any CPU.ActiveCfg = Debug|Any CPU
		{5303F5CA-5F12-4605-BF0E-02182C41CEB3}.Debug|Any CPU.Build.0 = Debug|Any CPU
		{5303F5CA-5F12-4605-BF0E-02182C41CEB3}.Release|Any CPU.ActiveCfg = Release|Any CPU
		{5303F5CA-5F12-4605-BF0E-02182C41CEB3}.Release|Any CPU.Build.0 = Release|Any CPU
		{362EF67C-4C16-4F56-ADAF-25345BA71692}.Debug|Any CPU.ActiveCfg = Debug|Any CPU
		{362EF67C-4C16-4F56-ADAF-25345BA71692}.Debug|Any CPU.Build.0 = Debug|Any CPU
		{362EF67C-4C16-4F56-ADAF-25345BA71692}.Release|Any CPU.ActiveCfg = Release|Any CPU
		{362EF67C-4C16-4F56-ADAF-25345BA71692}.Release|Any CPU.Build.0 = Release|Any CPU
		{12FED22F-E44B-40C0-B268-DE4E0BA8BEDB}.Debug|Any CPU.ActiveCfg = Debug|Any CPU
		{12FED22F-E44B-40C0-B268-DE4E0BA8BEDB}.Debug|Any CPU.Build.0 = Debug|Any CPU
		{12FED22F-E44B-40C0-B268-DE4E0BA8BEDB}.Release|Any CPU.ActiveCfg = Release|Any CPU
		{12FED22F-E44B-40C0-B268-DE4E0BA8BEDB}.Release|Any CPU.Build.0 = Release|Any CPU
		{287CD569-CE05-45CE-B6BD-90A299A5AA08}.Debug|Any CPU.ActiveCfg = Debug|Any CPU
		{287CD569-CE05-45CE-B6BD-90A299A5AA08}.Debug|Any CPU.Build.0 = Debug|Any CPU
		{287CD569-CE05-45CE-B6BD-90A299A5AA08}.Release|Any CPU.ActiveCfg = Release|Any CPU
		{287CD569-CE05-45CE-B6BD-90A299A5AA08}.Release|Any CPU.Build.0 = Release|Any CPU
	EndGlobalSection
	GlobalSection(SolutionProperties) = preSolution
		HideSolutionNode = FALSE
	EndGlobalSection
	GlobalSection(NestedProjects) = preSolution
		{75DA4772-1E5E-4128-8F07-9D117B102313} = {9A28129D-EE46-43AB-BA44-E1F546F3B3DA}
		{2D4D4863-F92A-4639-91AE-9EC5FC43F8A1} = {9A28129D-EE46-43AB-BA44-E1F546F3B3DA}
		{5303F5CA-5F12-4605-BF0E-02182C41CEB3} = {9A28129D-EE46-43AB-BA44-E1F546F3B3DA}
		{362EF67C-4C16-4F56-ADAF-25345BA71692} = {9A28129D-EE46-43AB-BA44-E1F546F3B3DA}
	EndGlobalSection
	GlobalSection(ExtensibilityGlobals) = postSolution
		SolutionGuid = {77183A37-CB69-413E-A7EE-1DDFDCD078AD}
	EndGlobalSection
EndGlobal
