
Microsoft Visual Studio Solution File, Format Version 12.00
# Visual Studio Version 17
VisualStudioVersion = 17.1.32228.430
MinimumVisualStudioVersion = 10.0.40219.1
Project("{2150E333-8FDC-42A3-9474-1A3956D46DE8}") = "Tests", "Tests", "{9A28129D-EE46-43AB-BA44-E1F546F3B3DA}"
EndProject
Project("{9A19103F-16F7-4668-BE54-9A1E7A4F7556}") = "Arcus.EventGrid.Tests.Integration", "Arcus.EventGrid.Tests.Integration\Arcus.EventGrid.Tests.Integration.csproj", "{2D4D4863-F92A-4639-91AE-9EC5FC43F8A1}"
EndProject
Project("{9A19103F-16F7-4668-BE54-9A1E7A4F7556}") = "Arcus.EventGrid.Tests.Core", "Arcus.EventGrid.Tests.Core\Arcus.EventGrid.Tests.Core.csproj", "{5303F5CA-5F12-4605-BF0E-02182C41CEB3}"
EndProject
Project("{9A19103F-16F7-4668-BE54-9A1E7A4F7556}") = "Arcus.EventGrid.Tests.Unit", "Arcus.EventGrid.Tests.Unit\Arcus.EventGrid.Tests.Unit.csproj", "{362EF67C-4C16-4F56-ADAF-25345BA71692}"
EndProject
Project("{9A19103F-16F7-4668-BE54-9A1E7A4F7556}") = "Arcus.EventGrid.Testing", "Arcus.EventGrid.Testing\Arcus.EventGrid.Testing.csproj", "{12FED22F-E44B-40C0-B268-DE4E0BA8BEDB}"
EndProject
Project("{9A19103F-16F7-4668-BE54-9A1E7A4F7556}") = "Arcus.EventGrid.Security.WebApi", "Arcus.EventGrid.Security.WebApi\Arcus.EventGrid.Security.WebApi.csproj", "{287CD569-CE05-45CE-B6BD-90A299A5AA08}"
EndProject
Project("{9A19103F-16F7-4668-BE54-9A1E7A4F7556}") = "Arcus.EventGrid.Security.Core", "Arcus.EventGrid.Security.Core\Arcus.EventGrid.Security.Core.csproj", "{BBA7895F-38AB-42D8-93C3-776CDA0284C9}"
EndProject
Project("{9A19103F-16F7-4668-BE54-9A1E7A4F7556}") = "Arcus.EventGrid.Security.AzureFunctions", "Arcus.EventGrid.Security.AzureFunctions\Arcus.EventGrid.Security.AzureFunctions.csproj", "{94589506-186C-4FBA-989C-9F57743E2381}"
EndProject
Project("{9A19103F-16F7-4668-BE54-9A1E7A4F7556}") = "Arcus.EventGrid.Core", "Arcus.EventGrid.Core\Arcus.EventGrid.Core.csproj", "{2816A759-E0CB-4CEF-863E-695D3E6D678F}"
EndProject
Project("{9A19103F-16F7-4668-BE54-9A1E7A4F7556}") = "Arcus.EventGrid", "Arcus.EventGrid\Arcus.EventGrid.csproj", "{A1E16C1C-40C2-40D3-A1DD-C3CFCA883D34}"
EndProject
Global
	GlobalSection(SolutionConfigurationPlatforms) = preSolution
		Debug|Any CPU = Debug|Any CPU
		Release|Any CPU = Release|Any CPU
	EndGlobalSection
	GlobalSection(ProjectConfigurationPlatforms) = postSolution
		{2D4D4863-F92A-4639-91AE-9EC5FC43F8A1}.Debug|Any CPU.ActiveCfg = Debug|Any CPU
		{2D4D4863-F92A-4639-91AE-9EC5FC43F8A1}.Debug|Any CPU.Build.0 = Debug|Any CPU
		{2D4D4863-F92A-4639-91AE-9EC5FC43F8A1}.Release|Any CPU.ActiveCfg = Release|Any CPU
		{2D4D4863-F92A-4639-91AE-9EC5FC43F8A1}.Release|Any CPU.Build.0 = Release|Any CPU
		{5303F5CA-5F12-4605-BF0E-02182C41CEB3}.Debug|Any CPU.ActiveCfg = Debug|Any CPU
		{5303F5CA-5F12-4605-BF0E-02182C41CEB3}.Debug|Any CPU.Build.0 = Debug|Any CPU
		{5303F5CA-5F12-4605-BF0E-02182C41CEB3}.Release|Any CPU.ActiveCfg = Release|Any CPU
		{5303F5CA-5F12-4605-BF0E-02182C41CEB3}.Release|Any CPU.Build.0 = Release|Any CPU
		{362EF67C-4C16-4F56-ADAF-25345BA71692}.Debug|Any CPU.ActiveCfg = Debug|Any CPU
		{362EF67C-4C16-4F56-ADAF-25345BA71692}.Debug|Any CPU.Build.0 = Debug|Any CPU
		{362EF67C-4C16-4F56-ADAF-25345BA71692}.Release|Any CPU.ActiveCfg = Release|Any CPU
		{362EF67C-4C16-4F56-ADAF-25345BA71692}.Release|Any CPU.Build.0 = Release|Any CPU
		{12FED22F-E44B-40C0-B268-DE4E0BA8BEDB}.Debug|Any CPU.ActiveCfg = Debug|Any CPU
		{12FED22F-E44B-40C0-B268-DE4E0BA8BEDB}.Debug|Any CPU.Build.0 = Debug|Any CPU
		{12FED22F-E44B-40C0-B268-DE4E0BA8BEDB}.Release|Any CPU.ActiveCfg = Release|Any CPU
		{12FED22F-E44B-40C0-B268-DE4E0BA8BEDB}.Release|Any CPU.Build.0 = Release|Any CPU
		{287CD569-CE05-45CE-B6BD-90A299A5AA08}.Debug|Any CPU.ActiveCfg = Debug|Any CPU
		{287CD569-CE05-45CE-B6BD-90A299A5AA08}.Debug|Any CPU.Build.0 = Debug|Any CPU
		{287CD569-CE05-45CE-B6BD-90A299A5AA08}.Release|Any CPU.ActiveCfg = Release|Any CPU
		{287CD569-CE05-45CE-B6BD-90A299A5AA08}.Release|Any CPU.Build.0 = Release|Any CPU
		{BBA7895F-38AB-42D8-93C3-776CDA0284C9}.Debug|Any CPU.ActiveCfg = Debug|Any CPU
		{BBA7895F-38AB-42D8-93C3-776CDA0284C9}.Debug|Any CPU.Build.0 = Debug|Any CPU
		{BBA7895F-38AB-42D8-93C3-776CDA0284C9}.Release|Any CPU.ActiveCfg = Release|Any CPU
		{BBA7895F-38AB-42D8-93C3-776CDA0284C9}.Release|Any CPU.Build.0 = Release|Any CPU
		{94589506-186C-4FBA-989C-9F57743E2381}.Debug|Any CPU.ActiveCfg = Debug|Any CPU
		{94589506-186C-4FBA-989C-9F57743E2381}.Debug|Any CPU.Build.0 = Debug|Any CPU
		{94589506-186C-4FBA-989C-9F57743E2381}.Release|Any CPU.ActiveCfg = Release|Any CPU
		{94589506-186C-4FBA-989C-9F57743E2381}.Release|Any CPU.Build.0 = Release|Any CPU
		{2816A759-E0CB-4CEF-863E-695D3E6D678F}.Debug|Any CPU.ActiveCfg = Debug|Any CPU
		{2816A759-E0CB-4CEF-863E-695D3E6D678F}.Debug|Any CPU.Build.0 = Debug|Any CPU
		{2816A759-E0CB-4CEF-863E-695D3E6D678F}.Release|Any CPU.ActiveCfg = Release|Any CPU
		{2816A759-E0CB-4CEF-863E-695D3E6D678F}.Release|Any CPU.Build.0 = Release|Any CPU
		{A1E16C1C-40C2-40D3-A1DD-C3CFCA883D34}.Debug|Any CPU.ActiveCfg = Debug|Any CPU
		{A1E16C1C-40C2-40D3-A1DD-C3CFCA883D34}.Debug|Any CPU.Build.0 = Debug|Any CPU
		{A1E16C1C-40C2-40D3-A1DD-C3CFCA883D34}.Release|Any CPU.ActiveCfg = Release|Any CPU
		{A1E16C1C-40C2-40D3-A1DD-C3CFCA883D34}.Release|Any CPU.Build.0 = Release|Any CPU
	EndGlobalSection
	GlobalSection(SolutionProperties) = preSolution
		HideSolutionNode = FALSE
	EndGlobalSection
	GlobalSection(NestedProjects) = preSolution
		{2D4D4863-F92A-4639-91AE-9EC5FC43F8A1} = {9A28129D-EE46-43AB-BA44-E1F546F3B3DA}
		{5303F5CA-5F12-4605-BF0E-02182C41CEB3} = {9A28129D-EE46-43AB-BA44-E1F546F3B3DA}
		{362EF67C-4C16-4F56-ADAF-25345BA71692} = {9A28129D-EE46-43AB-BA44-E1F546F3B3DA}
	EndGlobalSection
	GlobalSection(ExtensibilityGlobals) = postSolution
		SolutionGuid = {77183A37-CB69-413E-A7EE-1DDFDCD078AD}
	EndGlobalSection
EndGlobal
